
Microsoft Visual Studio Solution File, Format Version 12.00
# Visual Studio Version 16
VisualStudioVersion = 16.0.30128.74
MinimumVisualStudioVersion = 10.0.40219.1
Project("{9A19103F-16F7-4668-BE54-9A1E7A4F7556}") = "KeepNames", "KeepNames.csproj", "{801581DD-E15E-4E0E-B49F-F4A29A0FF08A}"
EndProject
Global
	GlobalSection(SolutionConfigurationPlatforms) = preSolution
		Debug|Any CPU = Debug|Any CPU
		Release|Any CPU = Release|Any CPU
	EndGlobalSection
	GlobalSection(ProjectConfigurationPlatforms) = postSolution
		{801581DD-E15E-4E0E-B49F-F4A29A0FF08A}.Debug|Any CPU.ActiveCfg = Debug|Any CPU
		{801581DD-E15E-4E0E-B49F-F4A29A0FF08A}.Debug|Any CPU.Build.0 = Debug|Any CPU
		{801581DD-E15E-4E0E-B49F-F4A29A0FF08A}.Release|Any CPU.ActiveCfg = Release|Any CPU
		{801581DD-E15E-4E0E-B49F-F4A29A0FF08A}.Release|Any CPU.Build.0 = Release|Any CPU
	EndGlobalSection
	GlobalSection(SolutionProperties) = preSolution
		HideSolutionNode = FALSE
	EndGlobalSection
	GlobalSection(ExtensibilityGlobals) = postSolution
		SolutionGuid = {0520A4D0-5425-4AE8-BAE1-359D0E8F571A}
	EndGlobalSection
EndGlobal
